
Microsoft Visual Studio Solution File, Format Version 12.00
# Visual Studio Version 16
VisualStudioVersion = 16.0.31105.61
MinimumVisualStudioVersion = 10.0.40219.1
Project("{FAE04EC0-301F-11D3-BF4B-00C04F79EFBC}") = "HOTAYI MWMS", "HOTAYI MWMS\HOTAYI MWMS.csproj", "{AAA794CF-29F3-4AF9-9F63-20490DD66DB5}"
EndProject
Global
	GlobalSection(SolutionConfigurationPlatforms) = preSolution
		Debug|Any CPU = Debug|Any CPU
		Release|Any CPU = Release|Any CPU
	EndGlobalSection
	GlobalSection(ProjectConfigurationPlatforms) = postSolution
		{AAA794CF-29F3-4AF9-9F63-20490DD66DB5}.Debug|Any CPU.ActiveCfg = Release|Any CPU
		{AAA794CF-29F3-4AF9-9F63-20490DD66DB5}.Debug|Any CPU.Build.0 = Release|Any CPU
		{AAA794CF-29F3-4AF9-9F63-20490DD66DB5}.Debug|Any CPU.Deploy.0 = Release|Any CPU
		{AAA794CF-29F3-4AF9-9F63-20490DD66DB5}.Release|Any CPU.ActiveCfg = Debug|Any CPU
		{AAA794CF-29F3-4AF9-9F63-20490DD66DB5}.Release|Any CPU.Build.0 = Debug|Any CPU
		{AAA794CF-29F3-4AF9-9F63-20490DD66DB5}.Release|Any CPU.Deploy.0 = Debug|Any CPU
	EndGlobalSection
	GlobalSection(SolutionProperties) = preSolution
		HideSolutionNode = FALSE
	EndGlobalSection
	GlobalSection(ExtensibilityGlobals) = postSolution
		SolutionGuid = {92647F21-E680-445B-8459-6225B952A175}
	EndGlobalSection
EndGlobal
